
Microsoft Visual Studio Solution File, Format Version 12.00
# Visual Studio 15
VisualStudioVersion = 15.0.27703.2035
MinimumVisualStudioVersion = 10.0.40219.1
Project("{FAE04EC0-301F-11D3-BF4B-00C04F79EFBC}") = "TestApp", "TestApp\TestApp.csproj", "{00291B27-815D-4B61-A6D0-1F2F5DC29F63}"
EndProject
Global
	GlobalSection(SolutionConfigurationPlatforms) = preSolution
		Debug|Any CPU = Debug|Any CPU
		Release|Any CPU = Release|Any CPU
	EndGlobalSection
	GlobalSection(ProjectConfigurationPlatforms) = postSolution
		{00291B27-815D-4B61-A6D0-1F2F5DC29F63}.Debug|Any CPU.ActiveCfg = Debug|Any CPU
		{00291B27-815D-4B61-A6D0-1F2F5DC29F63}.Debug|Any CPU.Build.0 = Debug|Any CPU
		{00291B27-815D-4B61-A6D0-1F2F5DC29F63}.Release|Any CPU.ActiveCfg = Release|Any CPU
		{00291B27-815D-4B61-A6D0-1F2F5DC29F63}.Release|Any CPU.Build.0 = Release|Any CPU
	EndGlobalSection
	GlobalSection(SolutionProperties) = preSolution
		HideSolutionNode = FALSE
	EndGlobalSection
	GlobalSection(ExtensibilityGlobals) = postSolution
		SolutionGuid = {95ADF77E-B628-4581-9817-52B796BE1D45}
	EndGlobalSection
EndGlobal
